
Microsoft Visual Studio Solution File, Format Version 12.00
# Visual Studio 2013
VisualStudioVersion = 12.0.21005.1
MinimumVisualStudioVersion = 10.0.40219.1
Project("{FAE04EC0-301F-11D3-BF4B-00C04F79EFBC}") = "SYDQ.Core", "SYDQ.Core\SYDQ.Core.csproj", "{88AE0E66-C21C-47A0-9BC9-C2632E455CB8}"
EndProject
Project("{FAE04EC0-301F-11D3-BF4B-00C04F79EFBC}") = "SYDQ.Infrastructure", "SYDQ.Infrastructure\SYDQ.Infrastructure.csproj", "{728614AC-3A67-488F-A683-7E45E57BFA57}"
EndProject
Project("{FAE04EC0-301F-11D3-BF4B-00C04F79EFBC}") = "SYDQ.Repository.EF", "SYDQ.Repository.EF\SYDQ.Repository.EF.csproj", "{194519D1-4AC4-4408-8E36-4A4D8B6DBED1}"
EndProject
Project("{FAE04EC0-301F-11D3-BF4B-00C04F79EFBC}") = "SYDQ.Infrastructure.Web", "SYDQ.Infrastructure.Web\SYDQ.Infrastructure.Web.csproj", "{1A97C6E6-0250-44D0-AF6C-4572706F92E8}"
EndProject
Project("{FAE04EC0-301F-11D3-BF4B-00C04F79EFBC}") = "SYDQ.Services", "SYDQ.Services\SYDQ.Services.csproj", "{647DD5C8-27A2-436B-B0A0-5309E5CAF0AA}"
EndProject
Project("{FAE04EC0-301F-11D3-BF4B-00C04F79EFBC}") = "SYDQ.ConsoleApp", "SYDQ.ConsoleApp\SYDQ.ConsoleApp.csproj", "{E870B7CB-28B5-4896-9AB2-C2B725A9D900}"
EndProject
Project("{2150E333-8FDC-42A3-9474-1A3956D46DE8}") = "1.Infrastructure", "1.Infrastructure", "{73340205-718B-4836-ADA2-1B2D25F4EEFE}"
EndProject
Project("{2150E333-8FDC-42A3-9474-1A3956D46DE8}") = "2.Core", "2.Core", "{9EBBEE8E-4B2F-4A7C-9C64-1841550D9170}"
EndProject
Project("{2150E333-8FDC-42A3-9474-1A3956D46DE8}") = "3.Service", "3.Service", "{F7DF844E-0C87-4BB5-ACCA-4F45BB65E745}"
EndProject
Project("{2150E333-8FDC-42A3-9474-1A3956D46DE8}") = "4.App", "4.App", "{6D79D949-0F3E-441A-BF82-B4F83F10DC65}"
EndProject
Project("{2150E333-8FDC-42A3-9474-1A3956D46DE8}") = "5.Test", "5.Test", "{2F407F50-5FDC-4B8F-BCF3-BBAADF37AC3E}"
EndProject
Project("{FAE04EC0-301F-11D3-BF4B-00C04F79EFBC}") = "SYDQ.Web", "SYDQ.Web\SYDQ.Web.csproj", "{EE124C86-8C7C-41B4-95DB-5984F485C6B8}"
EndProject
Global
	GlobalSection(SolutionConfigurationPlatforms) = preSolution
		Debug|Any CPU = Debug|Any CPU
		Release|Any CPU = Release|Any CPU
	EndGlobalSection
	GlobalSection(ProjectConfigurationPlatforms) = postSolution
		{88AE0E66-C21C-47A0-9BC9-C2632E455CB8}.Debug|Any CPU.ActiveCfg = Debug|Any CPU
		{88AE0E66-C21C-47A0-9BC9-C2632E455CB8}.Debug|Any CPU.Build.0 = Debug|Any CPU
		{88AE0E66-C21C-47A0-9BC9-C2632E455CB8}.Release|Any CPU.ActiveCfg = Release|Any CPU
		{88AE0E66-C21C-47A0-9BC9-C2632E455CB8}.Release|Any CPU.Build.0 = Release|Any CPU
		{728614AC-3A67-488F-A683-7E45E57BFA57}.Debug|Any CPU.ActiveCfg = Debug|Any CPU
		{728614AC-3A67-488F-A683-7E45E57BFA57}.Debug|Any CPU.Build.0 = Debug|Any CPU
		{728614AC-3A67-488F-A683-7E45E57BFA57}.Release|Any CPU.ActiveCfg = Release|Any CPU
		{728614AC-3A67-488F-A683-7E45E57BFA57}.Release|Any CPU.Build.0 = Release|Any CPU
		{194519D1-4AC4-4408-8E36-4A4D8B6DBED1}.Debug|Any CPU.ActiveCfg = Debug|Any CPU
		{194519D1-4AC4-4408-8E36-4A4D8B6DBED1}.Debug|Any CPU.Build.0 = Debug|Any CPU
		{194519D1-4AC4-4408-8E36-4A4D8B6DBED1}.Release|Any CPU.ActiveCfg = Release|Any CPU
		{194519D1-4AC4-4408-8E36-4A4D8B6DBED1}.Release|Any CPU.Build.0 = Release|Any CPU
		{1A97C6E6-0250-44D0-AF6C-4572706F92E8}.Debug|Any CPU.ActiveCfg = Debug|Any CPU
		{1A97C6E6-0250-44D0-AF6C-4572706F92E8}.Debug|Any CPU.Build.0 = Debug|Any CPU
		{1A97C6E6-0250-44D0-AF6C-4572706F92E8}.Release|Any CPU.ActiveCfg = Release|Any CPU
		{1A97C6E6-0250-44D0-AF6C-4572706F92E8}.Release|Any CPU.Build.0 = Release|Any CPU
		{647DD5C8-27A2-436B-B0A0-5309E5CAF0AA}.Debug|Any CPU.ActiveCfg = Debug|Any CPU
		{647DD5C8-27A2-436B-B0A0-5309E5CAF0AA}.Debug|Any CPU.Build.0 = Debug|Any CPU
		{647DD5C8-27A2-436B-B0A0-5309E5CAF0AA}.Release|Any CPU.ActiveCfg = Release|Any CPU
		{647DD5C8-27A2-436B-B0A0-5309E5CAF0AA}.Release|Any CPU.Build.0 = Release|Any CPU
		{E870B7CB-28B5-4896-9AB2-C2B725A9D900}.Debug|Any CPU.ActiveCfg = Debug|Any CPU
		{E870B7CB-28B5-4896-9AB2-C2B725A9D900}.Debug|Any CPU.Build.0 = Debug|Any CPU
		{E870B7CB-28B5-4896-9AB2-C2B725A9D900}.Release|Any CPU.ActiveCfg = Release|Any CPU
		{E870B7CB-28B5-4896-9AB2-C2B725A9D900}.Release|Any CPU.Build.0 = Release|Any CPU
		{EE124C86-8C7C-41B4-95DB-5984F485C6B8}.Debug|Any CPU.ActiveCfg = Debug|Any CPU
		{EE124C86-8C7C-41B4-95DB-5984F485C6B8}.Debug|Any CPU.Build.0 = Debug|Any CPU
		{EE124C86-8C7C-41B4-95DB-5984F485C6B8}.Release|Any CPU.ActiveCfg = Release|Any CPU
		{EE124C86-8C7C-41B4-95DB-5984F485C6B8}.Release|Any CPU.Build.0 = Release|Any CPU
	EndGlobalSection
	GlobalSection(SolutionProperties) = preSolution
		HideSolutionNode = FALSE
	EndGlobalSection
	GlobalSection(NestedProjects) = preSolution
		{728614AC-3A67-488F-A683-7E45E57BFA57} = {73340205-718B-4836-ADA2-1B2D25F4EEFE}
		{1A97C6E6-0250-44D0-AF6C-4572706F92E8} = {73340205-718B-4836-ADA2-1B2D25F4EEFE}
		{88AE0E66-C21C-47A0-9BC9-C2632E455CB8} = {9EBBEE8E-4B2F-4A7C-9C64-1841550D9170}
		{194519D1-4AC4-4408-8E36-4A4D8B6DBED1} = {9EBBEE8E-4B2F-4A7C-9C64-1841550D9170}
		{647DD5C8-27A2-436B-B0A0-5309E5CAF0AA} = {F7DF844E-0C87-4BB5-ACCA-4F45BB65E745}
		{E870B7CB-28B5-4896-9AB2-C2B725A9D900} = {6D79D949-0F3E-441A-BF82-B4F83F10DC65}
		{EE124C86-8C7C-41B4-95DB-5984F485C6B8} = {6D79D949-0F3E-441A-BF82-B4F83F10DC65}
	EndGlobalSection
EndGlobal
